{
  "nodes": {
    "dotfiles": {
      "inputs": {
        "home-manager": "home-manager",
        "nixos-hardware": "nixos-hardware",
        "nixpkgs": "nixpkgs",
        "nixpkgs-unstable": "nixpkgs-unstable",
        "nur": "nur"
      },
      "locked": {
        "narHash": "sha256-BjuteJTU1FqY5lVZdLqUaAqebR8SBg/XZdxr+3MZmWc=",
        "path": "../..",
        "type": "path"
      },
      "original": {
        "path": "../..",
        "type": "path"
      }
    },
    "home-manager": {
      "inputs": {
        "nixpkgs": [
          "nixpkgs"
        ]
      },
      "locked": {
        "lastModified": 1612902587,
        "narHash": "sha256-VZ7Z1OMFf5ReObu3CCVBsC2DWloTYDjqW1onUKejVrE=",
        "owner": "nix-community",
        "repo": "home-manager",
        "rev": "209566c752c4428c7692c134731971193f06b37c",
        "type": "github"
      },
      "original": {
        "owner": "nix-community",
        "ref": "release-20.09",
        "repo": "home-manager",
        "type": "github"
      }
    },
    "nixos-hardware": {
      "locked": {
        "lastModified": 1615281383,
        "narHash": "sha256-23XBOcZapDtm7IzYYHub4tNpo4AsSz6qLXsHTCNuDAA=",
        "owner": "nixos",
        "repo": "nixos-hardware",
        "rev": "831de9cac9ff2ea8cf4c3742020ea92e82ac8ac3",
        "type": "github"
      },
      "original": {
        "owner": "nixos",
        "repo": "nixos-hardware",
        "type": "github"
      }
    },
    "nixpkgs": {
      "locked": {
        "lastModified": 1615521516,
        "narHash": "sha256-ppEEBw1JOCjs9Pp9SfZZCANZzRrfraTwCm1b8jVIQDA=",
        "owner": "nixos",
        "repo": "nixpkgs",
        "rev": "e716ddfac4be879ffbae75c3914a538dd5d4d12e",
        "type": "github"
      },
      "original": {
        "owner": "nixos",
        "ref": "release-20.09",
        "repo": "nixpkgs",
        "type": "github"
      }
    },
    "nixpkgs-unstable": {
      "locked": {
        "lastModified": 1615521613,
        "narHash": "sha256-D0Pgf7lKBIkWLCC39NR1ge0BT2FRb4pO4K1dPny/OCM=",
        "owner": "nixos",
        "repo": "nixpkgs",
        "rev": "d02b1cc8ed29b6967119fd95267ee1a955015d59",
        "type": "github"
      },
      "original": {
        "owner": "nixos",
        "repo": "nixpkgs",
        "type": "github"
      }
    },
    "nur": {
      "locked": {
        "lastModified": 1615508541,
        "narHash": "sha256-UICOrRQHL+AsdXgBRZLiylfXcsq+K5EULaB1zVPvEFo=",
        "owner": "nix-community",
        "repo": "NUR",
        "rev": "ae95221695cb452f62304c501e26de36d3c6f2a5",
        "type": "github"
      },
      "original": {
        "owner": "nix-community",
        "repo": "NUR",
        "type": "github"
      }
    },
    "root": {
      "inputs": {
        "dotfiles": "dotfiles",
        "nixpkgs": [
          "nixpkgs"
        ]
      }
    }
  },
  "root": "root",
  "version": 7
}
