{
  "nodes": {
    "dotfiles": {
      "inputs": {
        "home-manager": "home-manager",
        "nixos-hardware": "nixos-hardware",
        "nixpkgs": "nixpkgs",
        "nixpkgs-unstable": "nixpkgs-unstable",
        "nur": "nur"
      },
      "locked": {
        "narHash": "sha256-NOp6AFcZ4jSvjFC7TPBTrOYFMQpuJL2fn7QKrD5D5HM=",
        "path": "../..",
        "type": "path"
      },
      "original": {
        "path": "../..",
        "type": "path"
      }
    },
    "home-manager": {
      "inputs": {
        "nixpkgs": [
          "nixpkgs"
        ]
      },
      "locked": {
        "lastModified": 1612902587,
        "narHash": "sha256-VZ7Z1OMFf5ReObu3CCVBsC2DWloTYDjqW1onUKejVrE=",
        "owner": "nix-community",
        "repo": "home-manager",
        "rev": "209566c752c4428c7692c134731971193f06b37c",
        "type": "github"
      },
      "original": {
        "owner": "nix-community",
        "ref": "release-20.09",
        "repo": "home-manager",
        "type": "github"
      }
    },
    "nixos-hardware": {
      "locked": {
        "lastModified": 1616493443,
        "narHash": "sha256-xMDBWCa7oXFU1pBr25Fza/uv+IciMHogJMQ6g+gHQG4=",
        "owner": "nixos",
        "repo": "nixos-hardware",
        "rev": "758bc63af2bde87563f9c27710f3dcc16ff9096f",
        "type": "github"
      },
      "original": {
        "owner": "nixos",
        "repo": "nixos-hardware",
        "type": "github"
      }
    },
    "nixpkgs": {
      "locked": {
        "lastModified": 1617542311,
        "narHash": "sha256-YbYqpUA8EChwUaUSj8wIukv9ieFQdUnSSm5RypghNBA=",
        "owner": "nixos",
        "repo": "nixpkgs",
        "rev": "91b77fe6942fe999b1efbe906dc98024d1917c0d",
        "type": "github"
      },
      "original": {
        "owner": "nixos",
        "ref": "release-20.09",
        "repo": "nixpkgs",
        "type": "github"
      }
    },
    "nixpkgs-unstable": {
      "locked": {
        "lastModified": 1617577082,
        "narHash": "sha256-oNVkQXmq2wZHXC+5Pvxn48qYKda28ik3GdUY3GH3+g8=",
        "owner": "nixos",
        "repo": "nixpkgs",
        "rev": "b5734315fcce4a573d5a731c44dd62559244d816",
        "type": "github"
      },
      "original": {
        "owner": "nixos",
        "repo": "nixpkgs",
        "type": "github"
      }
    },
    "nur": {
      "locked": {
        "lastModified": 1617576250,
        "narHash": "sha256-vGgXYq8k+c+rt9VqxYV6zIcknPcVwgh8YbI5lG4tRRQ=",
        "owner": "nix-community",
        "repo": "NUR",
        "rev": "8b753a47cf3cab4db48a39c03ed2cd1baf5f14c3",
        "type": "github"
      },
      "original": {
        "owner": "nix-community",
        "repo": "NUR",
        "type": "github"
      }
    },
    "root": {
      "inputs": {
        "dotfiles": "dotfiles",
        "nixpkgs": [
          "nixpkgs"
        ]
      }
    }
  },
  "root": "root",
  "version": 7
}
