{
  "nodes": {
    "home-manager": {
      "inputs": {
        "nixpkgs": [
          "nixpkgs"
        ]
      },
      "locked": {
        "lastModified": 1612902587,
        "narHash": "sha256-VZ7Z1OMFf5ReObu3CCVBsC2DWloTYDjqW1onUKejVrE=",
        "owner": "rycee",
        "repo": "home-manager",
        "rev": "209566c752c4428c7692c134731971193f06b37c",
        "type": "github"
      },
      "original": {
        "owner": "rycee",
        "ref": "release-20.09",
        "repo": "home-manager",
        "type": "github"
      }
    },
    "nixos-hardware": {
      "locked": {
        "lastModified": 1612981022,
        "narHash": "sha256-NKw0ntMPQw0cfNj0KzjF6QIguREEk79r6h5FMz8xbRQ=",
        "owner": "nixos",
        "repo": "nixos-hardware",
        "rev": "0cb5491af9da8d6f16540ffc4db24e2361852e46",
        "type": "github"
      },
      "original": {
        "owner": "nixos",
        "repo": "nixos-hardware",
        "type": "github"
      }
    },
    "nixpkgs": {
      "locked": {
        "lastModified": 1613255611,
        "narHash": "sha256-TbkS6l59ccQwD+KZBYs4GtRCxtqiGXwAskwozMFxEKE=",
        "owner": "nixos",
        "repo": "nixpkgs",
        "rev": "ef56235087081759a6d238f53b6c88845a5610d6",
        "type": "github"
      },
      "original": {
        "owner": "nixos",
        "ref": "release-20.09",
        "repo": "nixpkgs",
        "type": "github"
      }
    },
    "nixpkgs-unstable": {
      "locked": {
        "lastModified": 1613276359,
        "narHash": "sha256-pS8n1PtC9ZTvuxOO12tRugLhSicfSZat5YVe0QHSiow=",
        "owner": "nixos",
        "repo": "nixpkgs",
        "rev": "4bca02dbe65f921e3e135203f0b3bf1cf105dcbb",
        "type": "github"
      },
      "original": {
        "owner": "nixos",
        "repo": "nixpkgs",
        "type": "github"
      }
    },
    "nur": {
      "locked": {
        "lastModified": 1613267647,
        "narHash": "sha256-36el0HcqtDD6y4ptjVogDWM2HtOv8tZccHr4qmRkWfY=",
        "owner": "nix-community",
        "repo": "NUR",
        "rev": "7e0e20efdaaa5868c07e9d1cb84fd086a2d1c6bd",
        "type": "github"
      },
      "original": {
        "owner": "nix-community",
        "repo": "NUR",
        "type": "github"
      }
    },
    "root": {
      "inputs": {
        "home-manager": "home-manager",
        "nixos-hardware": "nixos-hardware",
        "nixpkgs": "nixpkgs",
        "nixpkgs-unstable": "nixpkgs-unstable",
        "nur": "nur"
      }
    }
  },
  "root": "root",
  "version": 7
}
