{
  "nodes": {
    "emacs-overlay": {
      "locked": {
        "lastModified": 1646933422,
        "narHash": "sha256-yDU9F/LhFVLeyCyXycwnb93bA5lEcCXlj4sldQe92Yw=",
        "owner": "nix-community",
        "repo": "emacs-overlay",
        "rev": "c875f360337cd71890c6b682cf277cc06218dbfa",
        "type": "github"
      },
      "original": {
        "owner": "nix-community",
        "repo": "emacs-overlay",
        "type": "github"
      }
    },
    "home-manager": {
      "inputs": {
        "nixpkgs": [
          "nixpkgs"
        ]
      },
      "locked": {
        "lastModified": 1643933536,
        "narHash": "sha256-yRmsWAG4DnLxLIUtlaZsl0kH7rN5xSoyNRlf0YZrcH4=",
        "owner": "nix-community",
        "repo": "home-manager",
        "rev": "2860d7e3bb350f18f7477858f3513f9798896831",
        "type": "github"
      },
      "original": {
        "owner": "nix-community",
        "ref": "release-21.11",
        "repo": "home-manager",
        "type": "github"
      }
    },
    "naal": {
      "inputs": {
        "nixpkgs": [
          "nixpkgs-unstable"
        ]
      },
      "locked": {
        "lastModified": 1622953088,
        "narHash": "sha256-hYAk+Oem+gWE+EUIp059Dcuvmt/Bk/WIKl8cp/bSKnI=",
        "owner": "yurrriq",
        "repo": "naal",
        "rev": "d7aaf9c4048cbdbdb43df7578e8b264c9c430f50",
        "type": "github"
      },
      "original": {
        "owner": "yurrriq",
        "repo": "naal",
        "type": "github"
      }
    },
    "nixos-hardware": {
      "locked": {
        "lastModified": 1646825982,
        "narHash": "sha256-uWvS4UFkdE4Iqk1pXhxkZqPsqI+Z2V9VRmLxGUFejbY=",
        "owner": "nixos",
        "repo": "nixos-hardware",
        "rev": "816a935bf5aa5f77cb1f03ebfe20ab13b112d0f1",
        "type": "github"
      },
      "original": {
        "owner": "nixos",
        "repo": "nixos-hardware",
        "type": "github"
      }
    },
    "nixpkgs": {
      "locked": {
        "lastModified": 1646953399,
        "narHash": "sha256-oQ+ie1j4j7Wuixb66Egeq2q3Vjd16Z3/SHrm24epy3c=",
        "owner": "nixos",
        "repo": "nixpkgs",
        "rev": "021efecf9679b60cf09d2e7a77637c36b85f5722",
        "type": "github"
      },
      "original": {
        "owner": "nixos",
        "ref": "release-21.11",
        "repo": "nixpkgs",
        "type": "github"
      }
    },
    "nixpkgs-unstable": {
      "locked": {
        "lastModified": 1646506091,
        "narHash": "sha256-sWNAJE2m+HOh1jtXlHcnhxsj6/sXrHgbqVNcVRlveK4=",
        "owner": "nixos",
        "repo": "nixpkgs",
        "rev": "3e644bd62489b516292c816f70bf0052c693b3c7",
        "type": "github"
      },
      "original": {
        "owner": "nixos",
        "ref": "nixpkgs-unstable",
        "repo": "nixpkgs",
        "type": "github"
      }
    },
    "nur": {
      "locked": {
        "lastModified": 1646936726,
        "narHash": "sha256-vLaafn9Ury5tHuRzIN4YhfY2i8SmTtaK+Ng1R8gRvnY=",
        "owner": "nix-community",
        "repo": "nur",
        "rev": "412508e46486181853bcfeb9f15a10ea05d31c53",
        "type": "github"
      },
      "original": {
        "owner": "nix-community",
        "repo": "nur",
        "type": "github"
      }
    },
    "root": {
      "inputs": {
        "emacs-overlay": "emacs-overlay",
        "home-manager": "home-manager",
        "naal": "naal",
        "nixos-hardware": "nixos-hardware",
        "nixpkgs": "nixpkgs",
        "nixpkgs-unstable": "nixpkgs-unstable",
        "nur": "nur"
      }
    }
  },
  "root": "root",
  "version": 7
}
