{
  "nodes": {
    "home-manager": {
      "inputs": {
        "nixpkgs": [
          "nixpkgs"
        ]
      },
      "locked": {
        "lastModified": 1611179027,
        "narHash": "sha256-rmE1JPxa6IbuK1j4E1as0DJj2KXyvqgJsTObBvxMIpU=",
        "owner": "rycee",
        "repo": "home-manager",
        "rev": "f33be4894cf5260f99d95ecd750c783837f33cfd",
        "type": "github"
      },
      "original": {
        "owner": "rycee",
        "ref": "release-20.09",
        "repo": "home-manager",
        "type": "github"
      }
    },
    "nixos-hardware": {
      "locked": {
        "lastModified": 1610430373,
        "narHash": "sha256-2sTBiGl0z0B3VD2qMHIJtOGxOuftR0iiBSv30AhVWIw=",
        "owner": "nixos",
        "repo": "nixos-hardware",
        "rev": "874830945a65ad1134aff3a5aea0cdd2e1d914ab",
        "type": "github"
      },
      "original": {
        "owner": "nixos",
        "repo": "nixos-hardware",
        "type": "github"
      }
    },
    "nixpkgs": {
      "locked": {
        "lastModified": 1611221292,
        "narHash": "sha256-AkGbrJ8RJCX2bDb2SPMxc7TioVt/X7nbplfV5y2qUwc=",
        "owner": "nixos",
        "repo": "nixpkgs",
        "rev": "2eaeea7983d96469b61a0bf6e97ece9b4f78f966",
        "type": "github"
      },
      "original": {
        "owner": "nixos",
        "ref": "release-20.09",
        "repo": "nixpkgs",
        "type": "github"
      }
    },
    "nixpkgs-unstable": {
      "locked": {
        "lastModified": 1611265243,
        "narHash": "sha256-5HWpycm4j1A6tgGRflLOPr+I2N68RLF8+1UBijqygW0=",
        "owner": "nixos",
        "repo": "nixpkgs",
        "rev": "2ab13ca162762e8728c3f9bdac92cd9c933ed41f",
        "type": "github"
      },
      "original": {
        "owner": "nixos",
        "repo": "nixpkgs",
        "type": "github"
      }
    },
    "nur": {
      "locked": {
        "lastModified": 1611270133,
        "narHash": "sha256-weWZM/8EolehGPMNGn5RWBFaQjK3e9RfIrcgc4F1IKY=",
        "owner": "nix-community",
        "repo": "NUR",
        "rev": "327b91b8dedcf78b865e802dfed993f16df4ada2",
        "type": "github"
      },
      "original": {
        "owner": "nix-community",
        "repo": "NUR",
        "type": "github"
      }
    },
    "root": {
      "inputs": {
        "home-manager": "home-manager",
        "nixos-hardware": "nixos-hardware",
        "nixpkgs": "nixpkgs",
        "nixpkgs-unstable": "nixpkgs-unstable",
        "nur": "nur"
      }
    }
  },
  "root": "root",
  "version": 7
}
